
Microsoft Visual Studio Solution File, Format Version 12.00
# Visual Studio Version 17
VisualStudioVersion = 17.5.33516.290
MinimumVisualStudioVersion = 10.0.40219.1
Project("{FAE04EC0-301F-11D3-BF4B-00C04F79EFBC}") = "ProjectC_8", "ProjectC_8\ProjectC_8.csproj", "{631A9D7E-E6AA-4C28-82C4-50AA6C112EF8}"
EndProject
Global
	GlobalSection(SolutionConfigurationPlatforms) = preSolution
		Debug|Any CPU = Debug|Any CPU
		Release|Any CPU = Release|Any CPU
	EndGlobalSection
	GlobalSection(ProjectConfigurationPlatforms) = postSolution
		{631A9D7E-E6AA-4C28-82C4-50AA6C112EF8}.Debug|Any CPU.ActiveCfg = Debug|Any CPU
		{631A9D7E-E6AA-4C28-82C4-50AA6C112EF8}.Debug|Any CPU.Build.0 = Debug|Any CPU
		{631A9D7E-E6AA-4C28-82C4-50AA6C112EF8}.Release|Any CPU.ActiveCfg = Release|Any CPU
		{631A9D7E-E6AA-4C28-82C4-50AA6C112EF8}.Release|Any CPU.Build.0 = Release|Any CPU
	EndGlobalSection
	GlobalSection(SolutionProperties) = preSolution
		HideSolutionNode = FALSE
	EndGlobalSection
	GlobalSection(ExtensibilityGlobals) = postSolution
		SolutionGuid = {EB099130-A425-43DB-8062-D86199AA33A4}
	EndGlobalSection
EndGlobal
